
Microsoft Visual Studio Solution File, Format Version 12.00
# Visual Studio Version 16
VisualStudioVersion = 16.0.33423.256
MinimumVisualStudioVersion = 10.0.40219.1
Project("{FAE04EC0-301F-11D3-BF4B-00C04F79EFBC}") = "Self Assesment 1", "Self Assesment 1.csproj", "{56E27458-D680-4107-B3A4-1B6D9ADC0212}"
EndProject
Global
	GlobalSection(SolutionConfigurationPlatforms) = preSolution
		Debug|Any CPU = Debug|Any CPU
		Release|Any CPU = Release|Any CPU
	EndGlobalSection
	GlobalSection(ProjectConfigurationPlatforms) = postSolution
		{56E27458-D680-4107-B3A4-1B6D9ADC0212}.Debug|Any CPU.ActiveCfg = Debug|Any CPU
		{56E27458-D680-4107-B3A4-1B6D9ADC0212}.Debug|Any CPU.Build.0 = Debug|Any CPU
		{56E27458-D680-4107-B3A4-1B6D9ADC0212}.Release|Any CPU.ActiveCfg = Release|Any CPU
		{56E27458-D680-4107-B3A4-1B6D9ADC0212}.Release|Any CPU.Build.0 = Release|Any CPU
	EndGlobalSection
	GlobalSection(SolutionProperties) = preSolution
		HideSolutionNode = FALSE
	EndGlobalSection
	GlobalSection(ExtensibilityGlobals) = postSolution
		SolutionGuid = {6BB561A9-C462-4451-9E3A-0BF0660F1235}
	EndGlobalSection
EndGlobal
