
Microsoft Visual Studio Solution File, Format Version 12.00
# Visual Studio Version 16
VisualStudioVersion = 16.0.33529.622
MinimumVisualStudioVersion = 10.0.40219.1
Project("{FAE04EC0-301F-11D3-BF4B-00C04F79EFBC}") = "Challenge 1", "Challenge 1.csproj", "{294A8F98-7DFC-4404-8438-751ABF6AC739}"
EndProject
Global
	GlobalSection(SolutionConfigurationPlatforms) = preSolution
		Debug|Any CPU = Debug|Any CPU
		Release|Any CPU = Release|Any CPU
	EndGlobalSection
	GlobalSection(ProjectConfigurationPlatforms) = postSolution
		{294A8F98-7DFC-4404-8438-751ABF6AC739}.Debug|Any CPU.ActiveCfg = Debug|Any CPU
		{294A8F98-7DFC-4404-8438-751ABF6AC739}.Debug|Any CPU.Build.0 = Debug|Any CPU
		{294A8F98-7DFC-4404-8438-751ABF6AC739}.Release|Any CPU.ActiveCfg = Release|Any CPU
		{294A8F98-7DFC-4404-8438-751ABF6AC739}.Release|Any CPU.Build.0 = Release|Any CPU
	EndGlobalSection
	GlobalSection(SolutionProperties) = preSolution
		HideSolutionNode = FALSE
	EndGlobalSection
	GlobalSection(ExtensibilityGlobals) = postSolution
		SolutionGuid = {94EF5B1C-E648-40E8-A119-6E94DFBA82A3}
	EndGlobalSection
EndGlobal
