
Microsoft Visual Studio Solution File, Format Version 12.00
# Visual Studio Version 16
VisualStudioVersion = 16.0.33423.256
MinimumVisualStudioVersion = 10.0.40219.1
Project("{FAE04EC0-301F-11D3-BF4B-00C04F79EFBC}") = "Problem 1", "Problem 1.csproj", "{3E0925DD-BA57-4E2A-B5F9-39463367CB0C}"
EndProject
Global
	GlobalSection(SolutionConfigurationPlatforms) = preSolution
		Debug|Any CPU = Debug|Any CPU
		Release|Any CPU = Release|Any CPU
	EndGlobalSection
	GlobalSection(ProjectConfigurationPlatforms) = postSolution
		{3E0925DD-BA57-4E2A-B5F9-39463367CB0C}.Debug|Any CPU.ActiveCfg = Debug|Any CPU
		{3E0925DD-BA57-4E2A-B5F9-39463367CB0C}.Debug|Any CPU.Build.0 = Debug|Any CPU
		{3E0925DD-BA57-4E2A-B5F9-39463367CB0C}.Release|Any CPU.ActiveCfg = Release|Any CPU
		{3E0925DD-BA57-4E2A-B5F9-39463367CB0C}.Release|Any CPU.Build.0 = Release|Any CPU
	EndGlobalSection
	GlobalSection(SolutionProperties) = preSolution
		HideSolutionNode = FALSE
	EndGlobalSection
	GlobalSection(ExtensibilityGlobals) = postSolution
		SolutionGuid = {F6758815-AC73-4C82-B9AB-FF24C25BA4F1}
	EndGlobalSection
EndGlobal
