
Microsoft Visual Studio Solution File, Format Version 12.00
# Visual Studio Version 16
VisualStudioVersion = 16.0.33529.622
MinimumVisualStudioVersion = 10.0.40219.1
Project("{FAE04EC0-301F-11D3-BF4B-00C04F79EFBC}") = "Game", "Game.csproj", "{B2D9BF32-98D5-4D18-8A39-C50FCFC80866}"
EndProject
Global
	GlobalSection(SolutionConfigurationPlatforms) = preSolution
		Debug|Any CPU = Debug|Any CPU
		Release|Any CPU = Release|Any CPU
	EndGlobalSection
	GlobalSection(ProjectConfigurationPlatforms) = postSolution
		{B2D9BF32-98D5-4D18-8A39-C50FCFC80866}.Debug|Any CPU.ActiveCfg = Debug|Any CPU
		{B2D9BF32-98D5-4D18-8A39-C50FCFC80866}.Debug|Any CPU.Build.0 = Debug|Any CPU
		{B2D9BF32-98D5-4D18-8A39-C50FCFC80866}.Release|Any CPU.ActiveCfg = Release|Any CPU
		{B2D9BF32-98D5-4D18-8A39-C50FCFC80866}.Release|Any CPU.Build.0 = Release|Any CPU
	EndGlobalSection
	GlobalSection(SolutionProperties) = preSolution
		HideSolutionNode = FALSE
	EndGlobalSection
	GlobalSection(ExtensibilityGlobals) = postSolution
		SolutionGuid = {0397F8A2-912B-4506-B8D5-FD8B4376A2AB}
	EndGlobalSection
EndGlobal
