
Microsoft Visual Studio Solution File, Format Version 12.00
# Visual Studio Version 16
VisualStudioVersion = 16.0.33529.622
MinimumVisualStudioVersion = 10.0.40219.1
Project("{FAE04EC0-301F-11D3-BF4B-00C04F79EFBC}") = "GUI", "GUI.csproj", "{43065CE6-53F3-49C2-96E9-ADED6C96AA2B}"
EndProject
Global
	GlobalSection(SolutionConfigurationPlatforms) = preSolution
		Debug|Any CPU = Debug|Any CPU
		Release|Any CPU = Release|Any CPU
	EndGlobalSection
	GlobalSection(ProjectConfigurationPlatforms) = postSolution
		{43065CE6-53F3-49C2-96E9-ADED6C96AA2B}.Debug|Any CPU.ActiveCfg = Debug|Any CPU
		{43065CE6-53F3-49C2-96E9-ADED6C96AA2B}.Debug|Any CPU.Build.0 = Debug|Any CPU
		{43065CE6-53F3-49C2-96E9-ADED6C96AA2B}.Release|Any CPU.ActiveCfg = Release|Any CPU
		{43065CE6-53F3-49C2-96E9-ADED6C96AA2B}.Release|Any CPU.Build.0 = Release|Any CPU
	EndGlobalSection
	GlobalSection(SolutionProperties) = preSolution
		HideSolutionNode = FALSE
	EndGlobalSection
	GlobalSection(ExtensibilityGlobals) = postSolution
		SolutionGuid = {20836054-4666-48B8-A4B5-8E86D8F634F5}
	EndGlobalSection
EndGlobal
