
Microsoft Visual Studio Solution File, Format Version 12.00
# Visual Studio Version 16
VisualStudioVersion = 16.0.33529.622
MinimumVisualStudioVersion = 10.0.40219.1
Project("{FAE04EC0-301F-11D3-BF4B-00C04F79EFBC}") = "Problem 2", "Problem 2.csproj", "{158BB0B6-CDA8-4CF3-995C-9D45463F6683}"
EndProject
Global
	GlobalSection(SolutionConfigurationPlatforms) = preSolution
		Debug|Any CPU = Debug|Any CPU
		Release|Any CPU = Release|Any CPU
	EndGlobalSection
	GlobalSection(ProjectConfigurationPlatforms) = postSolution
		{158BB0B6-CDA8-4CF3-995C-9D45463F6683}.Debug|Any CPU.ActiveCfg = Debug|Any CPU
		{158BB0B6-CDA8-4CF3-995C-9D45463F6683}.Debug|Any CPU.Build.0 = Debug|Any CPU
		{158BB0B6-CDA8-4CF3-995C-9D45463F6683}.Release|Any CPU.ActiveCfg = Release|Any CPU
		{158BB0B6-CDA8-4CF3-995C-9D45463F6683}.Release|Any CPU.Build.0 = Release|Any CPU
	EndGlobalSection
	GlobalSection(SolutionProperties) = preSolution
		HideSolutionNode = FALSE
	EndGlobalSection
	GlobalSection(ExtensibilityGlobals) = postSolution
		SolutionGuid = {EAA803F0-BAF3-4479-AE8B-EFCA0F6A5835}
	EndGlobalSection
EndGlobal
