
Microsoft Visual Studio Solution File, Format Version 12.00
# Visual Studio Version 16
VisualStudioVersion = 16.0.33529.622
MinimumVisualStudioVersion = 10.0.40219.1
Project("{FAE04EC0-301F-11D3-BF4B-00C04F79EFBC}") = "Problem 3", "Problem 3.csproj", "{045E0DE5-68AC-4805-857F-87B319B562EF}"
EndProject
Global
	GlobalSection(SolutionConfigurationPlatforms) = preSolution
		Debug|Any CPU = Debug|Any CPU
		Release|Any CPU = Release|Any CPU
	EndGlobalSection
	GlobalSection(ProjectConfigurationPlatforms) = postSolution
		{045E0DE5-68AC-4805-857F-87B319B562EF}.Debug|Any CPU.ActiveCfg = Debug|Any CPU
		{045E0DE5-68AC-4805-857F-87B319B562EF}.Debug|Any CPU.Build.0 = Debug|Any CPU
		{045E0DE5-68AC-4805-857F-87B319B562EF}.Release|Any CPU.ActiveCfg = Release|Any CPU
		{045E0DE5-68AC-4805-857F-87B319B562EF}.Release|Any CPU.Build.0 = Release|Any CPU
	EndGlobalSection
	GlobalSection(SolutionProperties) = preSolution
		HideSolutionNode = FALSE
	EndGlobalSection
	GlobalSection(ExtensibilityGlobals) = postSolution
		SolutionGuid = {C3067E15-446C-4EEA-BE9F-E1E4659BB6F8}
	EndGlobalSection
EndGlobal
