
Microsoft Visual Studio Solution File, Format Version 12.00
# Visual Studio Version 16
VisualStudioVersion = 16.0.33423.256
MinimumVisualStudioVersion = 10.0.40219.1
Project("{FAE04EC0-301F-11D3-BF4B-00C04F79EFBC}") = "Game", "Game.csproj", "{556A07D2-8EDF-499B-B898-49F04A75D7F0}"
EndProject
Global
	GlobalSection(SolutionConfigurationPlatforms) = preSolution
		Debug|Any CPU = Debug|Any CPU
		Release|Any CPU = Release|Any CPU
	EndGlobalSection
	GlobalSection(ProjectConfigurationPlatforms) = postSolution
		{556A07D2-8EDF-499B-B898-49F04A75D7F0}.Debug|Any CPU.ActiveCfg = Debug|Any CPU
		{556A07D2-8EDF-499B-B898-49F04A75D7F0}.Debug|Any CPU.Build.0 = Debug|Any CPU
		{556A07D2-8EDF-499B-B898-49F04A75D7F0}.Release|Any CPU.ActiveCfg = Release|Any CPU
		{556A07D2-8EDF-499B-B898-49F04A75D7F0}.Release|Any CPU.Build.0 = Release|Any CPU
	EndGlobalSection
	GlobalSection(SolutionProperties) = preSolution
		HideSolutionNode = FALSE
	EndGlobalSection
	GlobalSection(ExtensibilityGlobals) = postSolution
		SolutionGuid = {A4BDB0B3-FB1F-44EA-91ED-7413B847B22C}
	EndGlobalSection
EndGlobal
