
Microsoft Visual Studio Solution File, Format Version 12.00
# Visual Studio Version 16
VisualStudioVersion = 16.0.33423.256
MinimumVisualStudioVersion = 10.0.40219.1
Project("{FAE04EC0-301F-11D3-BF4B-00C04F79EFBC}") = "Login", "Login.csproj", "{48B90BA1-69D7-4654-84AF-F02B9863B2C6}"
EndProject
Global
	GlobalSection(SolutionConfigurationPlatforms) = preSolution
		Debug|Any CPU = Debug|Any CPU
		Release|Any CPU = Release|Any CPU
	EndGlobalSection
	GlobalSection(ProjectConfigurationPlatforms) = postSolution
		{48B90BA1-69D7-4654-84AF-F02B9863B2C6}.Debug|Any CPU.ActiveCfg = Debug|Any CPU
		{48B90BA1-69D7-4654-84AF-F02B9863B2C6}.Debug|Any CPU.Build.0 = Debug|Any CPU
		{48B90BA1-69D7-4654-84AF-F02B9863B2C6}.Release|Any CPU.ActiveCfg = Release|Any CPU
		{48B90BA1-69D7-4654-84AF-F02B9863B2C6}.Release|Any CPU.Build.0 = Release|Any CPU
	EndGlobalSection
	GlobalSection(SolutionProperties) = preSolution
		HideSolutionNode = FALSE
	EndGlobalSection
	GlobalSection(ExtensibilityGlobals) = postSolution
		SolutionGuid = {4E7B18AA-1694-4140-AAAB-3FD60195DB80}
	EndGlobalSection
EndGlobal
