
Microsoft Visual Studio Solution File, Format Version 12.00
# Visual Studio Version 16
VisualStudioVersion = 16.0.33423.256
MinimumVisualStudioVersion = 10.0.40219.1
Project("{FAE04EC0-301F-11D3-BF4B-00C04F79EFBC}") = "PacManGUI", "PacManGUI\PacManGUI.csproj", "{B7967ED7-A228-429F-B1BA-33324C7CEC07}"
EndProject
Global
	GlobalSection(SolutionConfigurationPlatforms) = preSolution
		Debug|Any CPU = Debug|Any CPU
		Release|Any CPU = Release|Any CPU
	EndGlobalSection
	GlobalSection(ProjectConfigurationPlatforms) = postSolution
		{B7967ED7-A228-429F-B1BA-33324C7CEC07}.Debug|Any CPU.ActiveCfg = Debug|Any CPU
		{B7967ED7-A228-429F-B1BA-33324C7CEC07}.Debug|Any CPU.Build.0 = Debug|Any CPU
		{B7967ED7-A228-429F-B1BA-33324C7CEC07}.Release|Any CPU.ActiveCfg = Release|Any CPU
		{B7967ED7-A228-429F-B1BA-33324C7CEC07}.Release|Any CPU.Build.0 = Release|Any CPU
	EndGlobalSection
	GlobalSection(SolutionProperties) = preSolution
		HideSolutionNode = FALSE
	EndGlobalSection
	GlobalSection(ExtensibilityGlobals) = postSolution
		SolutionGuid = {709609F5-2085-43CB-A215-D28E1BE6D3B1}
	EndGlobalSection
EndGlobal
