
Microsoft Visual Studio Solution File, Format Version 12.00
# Visual Studio Version 16
VisualStudioVersion = 16.0.33423.256
MinimumVisualStudioVersion = 10.0.40219.1
Project("{FAE04EC0-301F-11D3-BF4B-00C04F79EFBC}") = "Problem 2", "Problem 2.csproj", "{531A6952-7C2C-441C-B109-D4E5FE67D4FB}"
EndProject
Global
	GlobalSection(SolutionConfigurationPlatforms) = preSolution
		Debug|Any CPU = Debug|Any CPU
		Release|Any CPU = Release|Any CPU
	EndGlobalSection
	GlobalSection(ProjectConfigurationPlatforms) = postSolution
		{531A6952-7C2C-441C-B109-D4E5FE67D4FB}.Debug|Any CPU.ActiveCfg = Debug|Any CPU
		{531A6952-7C2C-441C-B109-D4E5FE67D4FB}.Debug|Any CPU.Build.0 = Debug|Any CPU
		{531A6952-7C2C-441C-B109-D4E5FE67D4FB}.Release|Any CPU.ActiveCfg = Release|Any CPU
		{531A6952-7C2C-441C-B109-D4E5FE67D4FB}.Release|Any CPU.Build.0 = Release|Any CPU
	EndGlobalSection
	GlobalSection(SolutionProperties) = preSolution
		HideSolutionNode = FALSE
	EndGlobalSection
	GlobalSection(ExtensibilityGlobals) = postSolution
		SolutionGuid = {B08DCCB4-3D54-4552-8D22-30A686456999}
	EndGlobalSection
EndGlobal
