
Microsoft Visual Studio Solution File, Format Version 12.00
# Visual Studio Version 16
VisualStudioVersion = 16.0.33529.622
MinimumVisualStudioVersion = 10.0.40219.1
Project("{FAE04EC0-301F-11D3-BF4B-00C04F79EFBC}") = "Problem 2", "Problem 2.csproj", "{1010D60E-C18E-4A6F-9EA1-9AE4D8EFB2EB}"
EndProject
Global
	GlobalSection(SolutionConfigurationPlatforms) = preSolution
		Debug|Any CPU = Debug|Any CPU
		Release|Any CPU = Release|Any CPU
	EndGlobalSection
	GlobalSection(ProjectConfigurationPlatforms) = postSolution
		{1010D60E-C18E-4A6F-9EA1-9AE4D8EFB2EB}.Debug|Any CPU.ActiveCfg = Debug|Any CPU
		{1010D60E-C18E-4A6F-9EA1-9AE4D8EFB2EB}.Debug|Any CPU.Build.0 = Debug|Any CPU
		{1010D60E-C18E-4A6F-9EA1-9AE4D8EFB2EB}.Release|Any CPU.ActiveCfg = Release|Any CPU
		{1010D60E-C18E-4A6F-9EA1-9AE4D8EFB2EB}.Release|Any CPU.Build.0 = Release|Any CPU
	EndGlobalSection
	GlobalSection(SolutionProperties) = preSolution
		HideSolutionNode = FALSE
	EndGlobalSection
	GlobalSection(ExtensibilityGlobals) = postSolution
		SolutionGuid = {76F8EEF8-EB92-4EED-9003-B27EB6E0727A}
	EndGlobalSection
EndGlobal
